// !$*UTF8*$!
{
	archiveVersion = 1;
	classes = {
	};
	objectVersion = 56;
	objects = {

/* Begin PBXBuildFile section */
		D0ADAD252A3A973800834F72 /* AppDelegate.swift in Sources */ = {isa = PBXBuildFile; fileRef = D0ADAD242A3A973800834F72 /* AppDelegate.swift */; };
		D0ADAD272A3A973800834F72 /* SceneDelegate.swift in Sources */ = {isa = PBXBuildFile; fileRef = D0ADAD262A3A973800834F72 /* SceneDelegate.swift */; };
		D0ADAD292A3A973800834F72 /* SearchViewController.swift in Sources */ = {isa = PBXBuildFile; fileRef = D0ADAD282A3A973800834F72 /* SearchViewController.swift */; };
		D0ADAD2C2A3A973800834F72 /* Main.storyboard in Resources */ = {isa = PBXBuildFile; fileRef = D0ADAD2A2A3A973800834F72 /* Main.storyboard */; };
		D0ADAD2E2A3A973A00834F72 /* Assets.xcassets in Resources */ = {isa = PBXBuildFile; fileRef = D0ADAD2D2A3A973A00834F72 /* Assets.xcassets */; };
		D0ADAD312A3A973A00834F72 /* LaunchScreen.storyboard in Resources */ = {isa = PBXBuildFile; fileRef = D0ADAD2F2A3A973A00834F72 /* LaunchScreen.storyboard */; };
		D0ADAD392A3AB6B000834F72 /* Users.swift in Sources */ = {isa = PBXBuildFile; fileRef = D0ADAD382A3AB6B000834F72 /* Users.swift */; };
		D0ADAD3C2A3AEC5800834F72 /* SearchCell.swift in Sources */ = {isa = PBXBuildFile; fileRef = D0ADAD3B2A3AEC5800834F72 /* SearchCell.swift */; };
		D0ADAD432A3C26AC00834F72 /* Moya in Frameworks */ = {isa = PBXBuildFile; productRef = D0ADAD422A3C26AC00834F72 /* Moya */; };
		D0ADAD452A3C27E300834F72 /* GitHubApi.swift in Sources */ = {isa = PBXBuildFile; fileRef = D0ADAD442A3C27E300834F72 /* GitHubApi.swift */; };
/* End PBXBuildFile section */

/* Begin PBXFileReference section */
		D0ADAD212A3A973800834F72 /* illuminareanProject.app */ = {isa = PBXFileReference; explicitFileType = wrapper.application; includeInIndex = 0; path = illuminareanProject.app; sourceTree = BUILT_PRODUCTS_DIR; };
		D0ADAD242A3A973800834F72 /* AppDelegate.swift */ = {isa = PBXFileReference; lastKnownFileType = sourcecode.swift; path = AppDelegate.swift; sourceTree = "<group>"; };
		D0ADAD262A3A973800834F72 /* SceneDelegate.swift */ = {isa = PBXFileReference; lastKnownFileType = sourcecode.swift; path = SceneDelegate.swift; sourceTree = "<group>"; };
		D0ADAD282A3A973800834F72 /* SearchViewController.swift */ = {isa = PBXFileReference; lastKnownFileType = sourcecode.swift; path = SearchViewController.swift; sourceTree = "<group>"; };
		D0ADAD2B2A3A973800834F72 /* Base */ = {isa = PBXFileReference; lastKnownFileType = file.storyboard; name = Base; path = Base.lproj/Main.storyboard; sourceTree = "<group>"; };
		D0ADAD2D2A3A973A00834F72 /* Assets.xcassets */ = {isa = PBXFileReference; lastKnownFileType = folder.assetcatalog; path = Assets.xcassets; sourceTree = "<group>"; };
		D0ADAD302A3A973A00834F72 /* Base */ = {isa = PBXFileReference; lastKnownFileType = file.storyboard; name = Base; path = Base.lproj/LaunchScreen.storyboard; sourceTree = "<group>"; };
		D0ADAD322A3A973A00834F72 /* Info.plist */ = {isa = PBXFileReference; lastKnownFileType = text.plist.xml; path = Info.plist; sourceTree = "<group>"; };
		D0ADAD382A3AB6B000834F72 /* Users.swift */ = {isa = PBXFileReference; lastKnownFileType = sourcecode.swift; path = Users.swift; sourceTree = "<group>"; };
		D0ADAD3B2A3AEC5800834F72 /* SearchCell.swift */ = {isa = PBXFileReference; lastKnownFileType = sourcecode.swift; path = SearchCell.swift; sourceTree = "<group>"; };
		D0ADAD442A3C27E300834F72 /* GitHubApi.swift */ = {isa = PBXFileReference; lastKnownFileType = sourcecode.swift; path = GitHubApi.swift; sourceTree = "<group>"; };
/* End PBXFileReference section */

/* Begin PBXFrameworksBuildPhase section */
		D0ADAD1E2A3A973800834F72 /* Frameworks */ = {
			isa = PBXFrameworksBuildPhase;
			buildActionMask = 2147483647;
			files = (
				D0ADAD432A3C26AC00834F72 /* Moya in Frameworks */,
			);
			runOnlyForDeploymentPostprocessing = 0;
		};
/* End PBXFrameworksBuildPhase section */

/* Begin PBXGroup section */
		D0ADAD182A3A973800834F72 = {
			isa = PBXGroup;
			children = (
				D0ADAD232A3A973800834F72 /* illuminareanProject */,
				D0ADAD222A3A973800834F72 /* Products */,
			);
			sourceTree = "<group>";
		};
		D0ADAD222A3A973800834F72 /* Products */ = {
			isa = PBXGroup;
			children = (
				D0ADAD212A3A973800834F72 /* illuminareanProject.app */,
			);
			name = Products;
			sourceTree = "<group>";
		};
		D0ADAD232A3A973800834F72 /* illuminareanProject */ = {
			isa = PBXGroup;
			children = (
				D0ADAD242A3A973800834F72 /* AppDelegate.swift */,
				D0ADAD262A3A973800834F72 /* SceneDelegate.swift */,
				D0ADAD282A3A973800834F72 /* SearchViewController.swift */,
				D0ADAD3B2A3AEC5800834F72 /* SearchCell.swift */,
				D0ADAD3A2A3AB6BF00834F72 /* Model */,
				D0ADAD2A2A3A973800834F72 /* Main.storyboard */,
				D0ADAD2D2A3A973A00834F72 /* Assets.xcassets */,
				D0ADAD2F2A3A973A00834F72 /* LaunchScreen.storyboard */,
				D0ADAD322A3A973A00834F72 /* Info.plist */,
			);
			path = illuminareanProject;
			sourceTree = "<group>";
		};
		D0ADAD3A2A3AB6BF00834F72 /* Model */ = {
			isa = PBXGroup;
			children = (
				D0ADAD382A3AB6B000834F72 /* Users.swift */,
				D0ADAD442A3C27E300834F72 /* GitHubApi.swift */,
			);
			path = Model;
			sourceTree = "<group>";
		};
/* End PBXGroup section */

/* Begin PBXNativeTarget section */
		D0ADAD202A3A973800834F72 /* illuminareanProject */ = {
			isa = PBXNativeTarget;
			buildConfigurationList = D0ADAD352A3A973A00834F72 /* Build configuration list for PBXNativeTarget "illuminareanProject" */;
			buildPhases = (
				D0ADAD1D2A3A973800834F72 /* Sources */,
				D0ADAD1E2A3A973800834F72 /* Frameworks */,
				D0ADAD1F2A3A973800834F72 /* Resources */,
			);
			buildRules = (
			);
			dependencies = (
			);
			name = illuminareanProject;
			packageProductDependencies = (
				D0ADAD422A3C26AC00834F72 /* Moya */,
			);
			productName = illuminareanProject;
			productReference = D0ADAD212A3A973800834F72 /* illuminareanProject.app */;
			productType = "com.apple.product-type.application";
		};
/* End PBXNativeTarget section */

/* Begin PBXProject section */
		D0ADAD192A3A973800834F72 /* Project object */ = {
			isa = PBXProject;
			attributes = {
				BuildIndependentTargetsInParallel = 1;
				LastSwiftUpdateCheck = 1420;
				LastUpgradeCheck = 1420;
				TargetAttributes = {
					D0ADAD202A3A973800834F72 = {
						CreatedOnToolsVersion = 14.2;
					};
				};
			};
			buildConfigurationList = D0ADAD1C2A3A973800834F72 /* Build configuration list for PBXProject "illuminareanProject" */;
			compatibilityVersion = "Xcode 14.0";
			developmentRegion = en;
			hasScannedForEncodings = 0;
			knownRegions = (
				en,
				Base,
			);
			mainGroup = D0ADAD182A3A973800834F72;
			packageReferences = (
				D0ADAD412A3C26AC00834F72 /* XCRemoteSwiftPackageReference "Moya" */,
			);
			productRefGroup = D0ADAD222A3A973800834F72 /* Products */;
			projectDirPath = "";
			projectRoot = "";
			targets = (
				D0ADAD202A3A973800834F72 /* illuminareanProject */,
			);
		};
/* End PBXProject section */

/* Begin PBXResourcesBuildPhase section */
		D0ADAD1F2A3A973800834F72 /* Resources */ = {
			isa = PBXResourcesBuildPhase;
			buildActionMask = 2147483647;
			files = (
				D0ADAD312A3A973A00834F72 /* LaunchScreen.storyboard in Resources */,
				D0ADAD2E2A3A973A00834F72 /* Assets.xcassets in Resources */,
				D0ADAD2C2A3A973800834F72 /* Main.storyboard in Resources */,
			);
			runOnlyForDeploymentPostprocessing = 0;
		};
/* End PBXResourcesBuildPhase section */

/* Begin PBXSourcesBuildPhase section */
		D0ADAD1D2A3A973800834F72 /* Sources */ = {
			isa = PBXSourcesBuildPhase;
			buildActionMask = 2147483647;
			files = (
				D0ADAD292A3A973800834F72 /* SearchViewController.swift in Sources */,
				D0ADAD3C2A3AEC5800834F72 /* SearchCell.swift in Sources */,
				D0ADAD252A3A973800834F72 /* AppDelegate.swift in Sources */,
				D0ADAD272A3A973800834F72 /* SceneDelegate.swift in Sources */,
				D0ADAD452A3C27E300834F72 /* GitHubApi.swift in Sources */,
				D0ADAD392A3AB6B000834F72 /* Users.swift in Sources */,
			);
			runOnlyForDeploymentPostprocessing = 0;
		};
/* End PBXSourcesBuildPhase section */

/* Begin PBXVariantGroup section */
		D0ADAD2A2A3A973800834F72 /* Main.storyboard */ = {
			isa = PBXVariantGroup;
			children = (
				D0ADAD2B2A3A973800834F72 /* Base */,
			);
			name = Main.storyboard;
			sourceTree = "<group>";
		};
		D0ADAD2F2A3A973A00834F72 /* LaunchScreen.storyboard */ = {
			isa = PBXVariantGroup;
			children = (
				D0ADAD302A3A973A00834F72 /* Base */,
			);
			name = LaunchScreen.storyboard;
			sourceTree = "<group>";
		};
/* End PBXVariantGroup section */

/* Begin XCBuildConfiguration section */
		D0ADAD332A3A973A00834F72 /* Debug */ = {
			isa = XCBuildConfiguration;
			buildSettings = {
				ALWAYS_SEARCH_USER_PATHS = NO;
				CLANG_ANALYZER_NONNULL = YES;
				CLANG_ANALYZER_NUMBER_OBJECT_CONVERSION = YES_AGGRESSIVE;
				CLANG_CXX_LANGUAGE_STANDARD = "gnu++20";
				CLANG_ENABLE_MODULES = YES;
				CLANG_ENABLE_OBJC_ARC = YES;
				CLANG_ENABLE_OBJC_WEAK = YES;
				CLANG_WARN_BLOCK_CAPTURE_AUTORELEASING = YES;
				CLANG_WARN_BOOL_CONVERSION = YES;
				CLANG_WARN_COMMA = YES;
				CLANG_WARN_CONSTANT_CONVERSION = YES;
				CLANG_WARN_DEPRECATED_OBJC_IMPLEMENTATIONS = YES;
				CLANG_WARN_DIRECT_OBJC_ISA_USAGE = YES_ERROR;
				CLANG_WARN_DOCUMENTATION_COMMENTS = YES;
				CLANG_WARN_EMPTY_BODY = YES;
				CLANG_WARN_ENUM_CONVERSION = YES;
				CLANG_WARN_INFINITE_RECURSION = YES;
				CLANG_WARN_INT_CONVERSION = YES;
				CLANG_WARN_NON_LITERAL_NULL_CONVERSION = YES;
				CLANG_WARN_OBJC_IMPLICIT_RETAIN_SELF = YES;
				CLANG_WARN_OBJC_LITERAL_CONVERSION = YES;
				CLANG_WARN_OBJC_ROOT_CLASS = YES_ERROR;
				CLANG_WARN_QUOTED_INCLUDE_IN_FRAMEWORK_HEADER = YES;
				CLANG_WARN_RANGE_LOOP_ANALYSIS = YES;
				CLANG_WARN_STRICT_PROTOTYPES = YES;
				CLANG_WARN_SUSPICIOUS_MOVE = YES;
				CLANG_WARN_UNGUARDED_AVAILABILITY = YES_AGGRESSIVE;
				CLANG_WARN_UNREACHABLE_CODE = YES;
				CLANG_WARN__DUPLICATE_METHOD_MATCH = YES;
				COPY_PHASE_STRIP = NO;
				DEBUG_INFORMATION_FORMAT = dwarf;
				ENABLE_STRICT_OBJC_MSGSEND = YES;
				ENABLE_TESTABILITY = YES;
				GCC_C_LANGUAGE_STANDARD = gnu11;
				GCC_DYNAMIC_NO_PIC = NO;
				GCC_NO_COMMON_BLOCKS = YES;
				GCC_OPTIMIZATION_LEVEL = 0;
				GCC_PREPROCESSOR_DEFINITIONS = (
					"DEBUG=1",
					"$(inherited)",
				);
				GCC_WARN_64_TO_32_BIT_CONVERSION = YES;
				GCC_WARN_ABOUT_RETURN_TYPE = YES_ERROR;
				GCC_WARN_UNDECLARED_SELECTOR = YES;
				GCC_WARN_UNINITIALIZED_AUTOS = YES_AGGRESSIVE;
				GCC_WARN_UNUSED_FUNCTION = YES;
				GCC_WARN_UNUSED_VARIABLE = YES;
				IPHONEOS_DEPLOYMENT_TARGET = 16.2;
				MTL_ENABLE_DEBUG_INFO = INCLUDE_SOURCE;
				MTL_FAST_MATH = YES;
				ONLY_ACTIVE_ARCH = YES;
				SDKROOT = iphoneos;
				SWIFT_ACTIVE_COMPILATION_CONDITIONS = DEBUG;
				SWIFT_OPTIMIZATION_LEVEL = "-Onone";
			};
			name = Debug;
		};
		D0ADAD342A3A973A00834F72 /* Release */ = {
			isa = XCBuildConfiguration;
			buildSettings = {
				ALWAYS_SEARCH_USER_PATHS = NO;
				CLANG_ANALYZER_NONNULL = YES;
				CLANG_ANALYZER_NUMBER_OBJECT_CONVERSION = YES_AGGRESSIVE;
				CLANG_CXX_LANGUAGE_STANDARD = "gnu++20";
				CLANG_ENABLE_MODULES = YES;
				CLANG_ENABLE_OBJC_ARC = YES;
				CLANG_ENABLE_OBJC_WEAK = YES;
				CLANG_WARN_BLOCK_CAPTURE_AUTORELEASING = YES;
				CLANG_WARN_BOOL_CONVERSION = YES;
				CLANG_WARN_COMMA = YES;
				CLANG_WARN_CONSTANT_CONVERSION = YES;
				CLANG_WARN_DEPRECATED_OBJC_IMPLEMENTATIONS = YES;
				CLANG_WARN_DIRECT_OBJC_ISA_USAGE = YES_ERROR;
				CLANG_WARN_DOCUMENTATION_COMMENTS = YES;
				CLANG_WARN_EMPTY_BODY = YES;
				CLANG_WARN_ENUM_CONVERSION = YES;
				CLANG_WARN_INFINITE_RECURSION = YES;
				CLANG_WARN_INT_CONVERSION = YES;
				CLANG_WARN_NON_LITERAL_NULL_CONVERSION = YES;
				CLANG_WARN_OBJC_IMPLICIT_RETAIN_SELF = YES;
				CLANG_WARN_OBJC_LITERAL_CONVERSION = YES;
				CLANG_WARN_OBJC_ROOT_CLASS = YES_ERROR;
				CLANG_WARN_QUOTED_INCLUDE_IN_FRAMEWORK_HEADER = YES;
				CLANG_WARN_RANGE_LOOP_ANALYSIS = YES;
				CLANG_WARN_STRICT_PROTOTYPES = YES;
				CLANG_WARN_SUSPICIOUS_MOVE = YES;
				CLANG_WARN_UNGUARDED_AVAILABILITY = YES_AGGRESSIVE;
				CLANG_WARN_UNREACHABLE_CODE = YES;
				CLANG_WARN__DUPLICATE_METHOD_MATCH = YES;
				COPY_PHASE_STRIP = NO;
				DEBUG_INFORMATION_FORMAT = "dwarf-with-dsym";
				ENABLE_NS_ASSERTIONS = NO;
				ENABLE_STRICT_OBJC_MSGSEND = YES;
				GCC_C_LANGUAGE_STANDARD = gnu11;
				GCC_NO_COMMON_BLOCKS = YES;
				GCC_WARN_64_TO_32_BIT_CONVERSION = YES;
				GCC_WARN_ABOUT_RETURN_TYPE = YES_ERROR;
				GCC_WARN_UNDECLARED_SELECTOR = YES;
				GCC_WARN_UNINITIALIZED_AUTOS = YES_AGGRESSIVE;
				GCC_WARN_UNUSED_FUNCTION = YES;
				GCC_WARN_UNUSED_VARIABLE = YES;
				IPHONEOS_DEPLOYMENT_TARGET = 16.2;
				MTL_ENABLE_DEBUG_INFO = NO;
				MTL_FAST_MATH = YES;
				SDKROOT = iphoneos;
				SWIFT_COMPILATION_MODE = wholemodule;
				SWIFT_OPTIMIZATION_LEVEL = "-O";
				VALIDATE_PRODUCT = YES;
			};
			name = Release;
		};
		D0ADAD362A3A973A00834F72 /* Debug */ = {
			isa = XCBuildConfiguration;
			buildSettings = {
				ASSETCATALOG_COMPILER_APPICON_NAME = AppIcon;
				ASSETCATALOG_COMPILER_GLOBAL_ACCENT_COLOR_NAME = AccentColor;
				CODE_SIGN_STYLE = Automatic;
				CURRENT_PROJECT_VERSION = 1;
				DEVELOPMENT_TEAM = 66BU7QGW7Z;
				GENERATE_INFOPLIST_FILE = YES;
				INFOPLIST_FILE = illuminareanProject/Info.plist;
				INFOPLIST_KEY_UIApplicationSupportsIndirectInputEvents = YES;
				INFOPLIST_KEY_UILaunchStoryboardName = LaunchScreen;
				INFOPLIST_KEY_UIMainStoryboardFile = Main;
				INFOPLIST_KEY_UISupportedInterfaceOrientations_iPad = "UIInterfaceOrientationPortrait UIInterfaceOrientationPortraitUpsideDown UIInterfaceOrientationLandscapeLeft UIInterfaceOrientationLandscapeRight";
				INFOPLIST_KEY_UISupportedInterfaceOrientations_iPhone = "UIInterfaceOrientationPortrait UIInterfaceOrientationLandscapeLeft UIInterfaceOrientationLandscapeRight";
				LD_RUNPATH_SEARCH_PATHS = (
					"$(inherited)",
					"@executable_path/Frameworks",
				);
				MARKETING_VERSION = 1.0;
				PRODUCT_BUNDLE_IDENTIFIER = stu.inu.201802766.illuminareanProject;
				PRODUCT_NAME = "$(TARGET_NAME)";
				SWIFT_EMIT_LOC_STRINGS = YES;
				SWIFT_VERSION = 5.0;
				TARGETED_DEVICE_FAMILY = "1,2";
			};
			name = Debug;
		};
		D0ADAD372A3A973A00834F72 /* Release */ = {
			isa = XCBuildConfiguration;
			buildSettings = {
				ASSETCATALOG_COMPILER_APPICON_NAME = AppIcon;
				ASSETCATALOG_COMPILER_GLOBAL_ACCENT_COLOR_NAME = AccentColor;
				CODE_SIGN_STYLE = Automatic;
				CURRENT_PROJECT_VERSION = 1;
				DEVELOPMENT_TEAM = 66BU7QGW7Z;
				GENERATE_INFOPLIST_FILE = YES;
				INFOPLIST_FILE = illuminareanProject/Info.plist;
				INFOPLIST_KEY_UIApplicationSupportsIndirectInputEvents = YES;
				INFOPLIST_KEY_UILaunchStoryboardName = LaunchScreen;
				INFOPLIST_KEY_UIMainStoryboardFile = Main;
				INFOPLIST_KEY_UISupportedInterfaceOrientations_iPad = "UIInterfaceOrientationPortrait UIInterfaceOrientationPortraitUpsideDown UIInterfaceOrientationLandscapeLeft UIInterfaceOrientationLandscapeRight";
				INFOPLIST_KEY_UISupportedInterfaceOrientations_iPhone = "UIInterfaceOrientationPortrait UIInterfaceOrientationLandscapeLeft UIInterfaceOrientationLandscapeRight";
				LD_RUNPATH_SEARCH_PATHS = (
					"$(inherited)",
					"@executable_path/Frameworks",
				);
				MARKETING_VERSION = 1.0;
				PRODUCT_BUNDLE_IDENTIFIER = stu.inu.201802766.illuminareanProject;
				PRODUCT_NAME = "$(TARGET_NAME)";
				SWIFT_EMIT_LOC_STRINGS = YES;
				SWIFT_VERSION = 5.0;
				TARGETED_DEVICE_FAMILY = "1,2";
			};
			name = Release;
		};
/* End XCBuildConfiguration section */

/* Begin XCConfigurationList section */
		D0ADAD1C2A3A973800834F72 /* Build configuration list for PBXProject "illuminareanProject" */ = {
			isa = XCConfigurationList;
			buildConfigurations = (
				D0ADAD332A3A973A00834F72 /* Debug */,
				D0ADAD342A3A973A00834F72 /* Release */,
			);
			defaultConfigurationIsVisible = 0;
			defaultConfigurationName = Release;
		};
		D0ADAD352A3A973A00834F72 /* Build configuration list for PBXNativeTarget "illuminareanProject" */ = {
			isa = XCConfigurationList;
			buildConfigurations = (
				D0ADAD362A3A973A00834F72 /* Debug */,
				D0ADAD372A3A973A00834F72 /* Release */,
			);
			defaultConfigurationIsVisible = 0;
			defaultConfigurationName = Release;
		};
/* End XCConfigurationList section */

/* Begin XCRemoteSwiftPackageReference section */
		D0ADAD412A3C26AC00834F72 /* XCRemoteSwiftPackageReference "Moya" */ = {
			isa = XCRemoteSwiftPackageReference;
			repositoryURL = "https://github.com/Moya/Moya";
			requirement = {
				branch = master;
				kind = branch;
			};
		};
/* End XCRemoteSwiftPackageReference section */

/* Begin XCSwiftPackageProductDependency section */
		D0ADAD422A3C26AC00834F72 /* Moya */ = {
			isa = XCSwiftPackageProductDependency;
			package = D0ADAD412A3C26AC00834F72 /* XCRemoteSwiftPackageReference "Moya" */;
			productName = Moya;
		};
/* End XCSwiftPackageProductDependency section */
	};
	rootObject = D0ADAD192A3A973800834F72 /* Project object */;
}
